
Microsoft Visual Studio Solution File, Format Version 12.00
# Visual Studio Version 16
VisualStudioVersion = 16.0.29911.84
MinimumVisualStudioVersion = 10.0.40219.1
Project("{2150E333-8FDC-42A3-9474-1A3956D46DE8}") = "src", "src", "{A3166663-8C59-4A95-9C7F-51A2002FC0AB}"
EndProject
Project("{2150E333-8FDC-42A3-9474-1A3956D46DE8}") = "tests", "tests", "{0911D5F5-3073-4F47-86AC-E48446ACB67A}"
EndProject
Project("{2150E333-8FDC-42A3-9474-1A3956D46DE8}") = "docs", "docs", "{A32DD4CF-9898-401C-A0E1-C0C8B3EB0D83}"
	ProjectSection(SolutionItems) = preProject
		docs\input.txt = docs\input.txt
		docs\ReadMe.md = docs\ReadMe.md
	EndProjectSection
EndProject
Project("{9A19103F-16F7-4668-BE54-9A1E7A4F7556}") = "EvaluateSensorLog.ClassLibrary.Tests", "tests\EvaluateSensorLog.ClassLibrary.Tests\EvaluateSensorLog.ClassLibrary.Tests.csproj", "{57F23E6D-0544-4BF5-A904-50044F739AAF}"
EndProject
Project("{9A19103F-16F7-4668-BE54-9A1E7A4F7556}") = "EvaluateSensorLog.ConsoleApp", "src\EvaluateSensorLog.ConsoleApp\EvaluateSensorLog.ConsoleApp.csproj", "{FA2E2A06-9692-4BBD-B09E-0418FB29ACAB}"
EndProject
Project("{9A19103F-16F7-4668-BE54-9A1E7A4F7556}") = "EvaluateSensorLog.ClassLibrary", "src\EvaluateSensorLog.ClassLibrary\EvaluateSensorLog.ClassLibrary.csproj", "{45BC8869-3670-457A-8CA2-0ACFC966D4A7}"
EndProject
Project("{9A19103F-16F7-4668-BE54-9A1E7A4F7556}") = "EvaluateSensorLog.Domain", "src\EvaluateSensorLog.Domain\EvaluateSensorLog.Domain.csproj", "{4C2D76D5-E12D-44B7-B8B9-AC93F0547F9C}"
EndProject
Project("{9A19103F-16F7-4668-BE54-9A1E7A4F7556}") = "EvaluateSensorLog.Application", "src\EvaluateSensorLog.Application\EvaluateSensorLog.Application.csproj", "{AE4216BD-B56C-4DDA-86B3-680045089D39}"
EndProject
Project("{9A19103F-16F7-4668-BE54-9A1E7A4F7556}") = "EvaluateSensorLog.Data", "src\EvaluateSensorLog.Data\EvaluateSensorLog.Data.csproj", "{96496E7B-2FAF-43AC-8C48-195F6180846F}"
EndProject
Project("{9A19103F-16F7-4668-BE54-9A1E7A4F7556}") = "EvaluateSensorLog.Application.Tests", "tests\EvaluateSensorLog.Application.Tests\EvaluateSensorLog.Application.Tests.csproj", "{C631E588-36B2-42BD-8B2B-9DE10F225035}"
EndProject
Project("{9A19103F-16F7-4668-BE54-9A1E7A4F7556}") = "EvaluateSensorLog.Data.Tests", "tests\EvaluateSensorLog.Data.Tests\EvaluateSensorLog.Data.Tests.csproj", "{1B8FC162-CFAB-4DC3-A920-8A1AE9EE1B27}"
EndProject
Project("{9A19103F-16F7-4668-BE54-9A1E7A4F7556}") = "EvaluateSensorLog.Common", "src\EvaluateSensorLog.Common\EvaluateSensorLog.Common.csproj", "{0C26225C-EC05-4E8C-BFFF-3C1E7105778E}"
EndProject
Global
	GlobalSection(SolutionConfigurationPlatforms) = preSolution
		Debug|Any CPU = Debug|Any CPU
		Release|Any CPU = Release|Any CPU
	EndGlobalSection
	GlobalSection(ProjectConfigurationPlatforms) = postSolution
		{57F23E6D-0544-4BF5-A904-50044F739AAF}.Debug|Any CPU.ActiveCfg = Debug|Any CPU
		{57F23E6D-0544-4BF5-A904-50044F739AAF}.Debug|Any CPU.Build.0 = Debug|Any CPU
		{57F23E6D-0544-4BF5-A904-50044F739AAF}.Release|Any CPU.ActiveCfg = Release|Any CPU
		{57F23E6D-0544-4BF5-A904-50044F739AAF}.Release|Any CPU.Build.0 = Release|Any CPU
		{FA2E2A06-9692-4BBD-B09E-0418FB29ACAB}.Debug|Any CPU.ActiveCfg = Debug|Any CPU
		{FA2E2A06-9692-4BBD-B09E-0418FB29ACAB}.Debug|Any CPU.Build.0 = Debug|Any CPU
		{FA2E2A06-9692-4BBD-B09E-0418FB29ACAB}.Release|Any CPU.ActiveCfg = Release|Any CPU
		{FA2E2A06-9692-4BBD-B09E-0418FB29ACAB}.Release|Any CPU.Build.0 = Release|Any CPU
		{45BC8869-3670-457A-8CA2-0ACFC966D4A7}.Debug|Any CPU.ActiveCfg = Debug|Any CPU
		{45BC8869-3670-457A-8CA2-0ACFC966D4A7}.Debug|Any CPU.Build.0 = Debug|Any CPU
		{45BC8869-3670-457A-8CA2-0ACFC966D4A7}.Release|Any CPU.ActiveCfg = Release|Any CPU
		{45BC8869-3670-457A-8CA2-0ACFC966D4A7}.Release|Any CPU.Build.0 = Release|Any CPU
		{4C2D76D5-E12D-44B7-B8B9-AC93F0547F9C}.Debug|Any CPU.ActiveCfg = Debug|Any CPU
		{4C2D76D5-E12D-44B7-B8B9-AC93F0547F9C}.Debug|Any CPU.Build.0 = Debug|Any CPU
		{4C2D76D5-E12D-44B7-B8B9-AC93F0547F9C}.Release|Any CPU.ActiveCfg = Release|Any CPU
		{4C2D76D5-E12D-44B7-B8B9-AC93F0547F9C}.Release|Any CPU.Build.0 = Release|Any CPU
		{AE4216BD-B56C-4DDA-86B3-680045089D39}.Debug|Any CPU.ActiveCfg = Debug|Any CPU
		{AE4216BD-B56C-4DDA-86B3-680045089D39}.Debug|Any CPU.Build.0 = Debug|Any CPU
		{AE4216BD-B56C-4DDA-86B3-680045089D39}.Release|Any CPU.ActiveCfg = Release|Any CPU
		{AE4216BD-B56C-4DDA-86B3-680045089D39}.Release|Any CPU.Build.0 = Release|Any CPU
		{96496E7B-2FAF-43AC-8C48-195F6180846F}.Debug|Any CPU.ActiveCfg = Debug|Any CPU
		{96496E7B-2FAF-43AC-8C48-195F6180846F}.Debug|Any CPU.Build.0 = Debug|Any CPU
		{96496E7B-2FAF-43AC-8C48-195F6180846F}.Release|Any CPU.ActiveCfg = Release|Any CPU
		{96496E7B-2FAF-43AC-8C48-195F6180846F}.Release|Any CPU.Build.0 = Release|Any CPU
		{C631E588-36B2-42BD-8B2B-9DE10F225035}.Debug|Any CPU.ActiveCfg = Debug|Any CPU
		{C631E588-36B2-42BD-8B2B-9DE10F225035}.Debug|Any CPU.Build.0 = Debug|Any CPU
		{C631E588-36B2-42BD-8B2B-9DE10F225035}.Release|Any CPU.ActiveCfg = Release|Any CPU
		{C631E588-36B2-42BD-8B2B-9DE10F225035}.Release|Any CPU.Build.0 = Release|Any CPU
		{1B8FC162-CFAB-4DC3-A920-8A1AE9EE1B27}.Debug|Any CPU.ActiveCfg = Debug|Any CPU
		{1B8FC162-CFAB-4DC3-A920-8A1AE9EE1B27}.Debug|Any CPU.Build.0 = Debug|Any CPU
		{1B8FC162-CFAB-4DC3-A920-8A1AE9EE1B27}.Release|Any CPU.ActiveCfg = Release|Any CPU
		{1B8FC162-CFAB-4DC3-A920-8A1AE9EE1B27}.Release|Any CPU.Build.0 = Release|Any CPU
		{0C26225C-EC05-4E8C-BFFF-3C1E7105778E}.Debug|Any CPU.ActiveCfg = Debug|Any CPU
		{0C26225C-EC05-4E8C-BFFF-3C1E7105778E}.Debug|Any CPU.Build.0 = Debug|Any CPU
		{0C26225C-EC05-4E8C-BFFF-3C1E7105778E}.Release|Any CPU.ActiveCfg = Release|Any CPU
		{0C26225C-EC05-4E8C-BFFF-3C1E7105778E}.Release|Any CPU.Build.0 = Release|Any CPU
	EndGlobalSection
	GlobalSection(SolutionProperties) = preSolution
		HideSolutionNode = FALSE
	EndGlobalSection
	GlobalSection(NestedProjects) = preSolution
		{57F23E6D-0544-4BF5-A904-50044F739AAF} = {0911D5F5-3073-4F47-86AC-E48446ACB67A}
		{FA2E2A06-9692-4BBD-B09E-0418FB29ACAB} = {A3166663-8C59-4A95-9C7F-51A2002FC0AB}
		{45BC8869-3670-457A-8CA2-0ACFC966D4A7} = {A3166663-8C59-4A95-9C7F-51A2002FC0AB}
		{4C2D76D5-E12D-44B7-B8B9-AC93F0547F9C} = {A3166663-8C59-4A95-9C7F-51A2002FC0AB}
		{AE4216BD-B56C-4DDA-86B3-680045089D39} = {A3166663-8C59-4A95-9C7F-51A2002FC0AB}
		{96496E7B-2FAF-43AC-8C48-195F6180846F} = {A3166663-8C59-4A95-9C7F-51A2002FC0AB}
		{C631E588-36B2-42BD-8B2B-9DE10F225035} = {0911D5F5-3073-4F47-86AC-E48446ACB67A}
		{1B8FC162-CFAB-4DC3-A920-8A1AE9EE1B27} = {0911D5F5-3073-4F47-86AC-E48446ACB67A}
		{0C26225C-EC05-4E8C-BFFF-3C1E7105778E} = {A3166663-8C59-4A95-9C7F-51A2002FC0AB}
	EndGlobalSection
	GlobalSection(ExtensibilityGlobals) = postSolution
		SolutionGuid = {D5F3C11E-3CBB-4121-ACFB-0E70585309A5}
	EndGlobalSection
EndGlobal
